
Microsoft Visual Studio Solution File, Format Version 12.00
# Visual Studio Version 18
VisualStudioVersion = 18.4.11626.88 stable
MinimumVisualStudioVersion = 10.0.40219.1
Project("{FAE04EC0-301F-11D3-BF4B-00C04F79EFBC}") = "FinCure", "FinCure.csproj", "{9C1EAAF7-340A-BAA3-E37D-37AF06C65C4A}"
EndProject
Global
	GlobalSection(SolutionConfigurationPlatforms) = preSolution
		Debug|Any CPU = Debug|Any CPU
		Release|Any CPU = Release|Any CPU
	EndGlobalSection
	GlobalSection(ProjectConfigurationPlatforms) = postSolution
		{9C1EAAF7-340A-BAA3-E37D-37AF06C65C4A}.Debug|Any CPU.ActiveCfg = Debug|Any CPU
		{9C1EAAF7-340A-BAA3-E37D-37AF06C65C4A}.Debug|Any CPU.Build.0 = Debug|Any CPU
		{9C1EAAF7-340A-BAA3-E37D-37AF06C65C4A}.Release|Any CPU.ActiveCfg = Release|Any CPU
		{9C1EAAF7-340A-BAA3-E37D-37AF06C65C4A}.Release|Any CPU.Build.0 = Release|Any CPU
	EndGlobalSection
	GlobalSection(SolutionProperties) = preSolution
		HideSolutionNode = FALSE
	EndGlobalSection
	GlobalSection(ExtensibilityGlobals) = postSolution
		SolutionGuid = {B4BFE19D-4A0F-4B4C-A8D6-EB7891838AAF}
	EndGlobalSection
EndGlobal
